
Microsoft Visual Studio Solution File, Format Version 12.00
# Visual Studio Version 17
VisualStudioVersion = 17.0.31903.59
MinimumVisualStudioVersion = 10.0.40219.1
Project("{2150E333-8FDC-42A3-9474-1A3956D46DE8}") = "src", "src", "{11111111-1111-1111-1111-111111111111}"
EndProject
Project("{2150E333-8FDC-42A3-9474-1A3956D46DE8}") = "tests", "tests", "{22222222-2222-2222-2222-222222222222}"
EndProject
Project("{FAE04EC0-301F-11D3-BF4B-00C04F79EFBC}") = "WebScraper.Core", "src\WebScraper.Core\WebScraper.Core.csproj", "{C0C0C0C0-C0C0-C0C0-C0C0-C0C0C0C0C0C0}"
EndProject
Project("{FAE04EC0-301F-11D3-BF4B-00C04F79EFBC}") = "WebScraper.Cli", "src\WebScraper.Cli\WebScraper.Cli.csproj", "{A1B2C3D4-E5F6-7890-ABCD-EF1234567890}"
EndProject
Project("{FAE04EC0-301F-11D3-BF4B-00C04F79EFBC}") = "WebScraper.Api", "src\WebScraper.Api\WebScraper.Api.csproj", "{D1E2F3A4-B5C6-7890-DEF1-234567890ABC}"
EndProject
Project("{FAE04EC0-301F-11D3-BF4B-00C04F79EFBC}") = "WebScraper.Mcp", "src\WebScraper.Mcp\WebScraper.Mcp.csproj", "{E2F3A4B5-C6D7-8901-EF23-4567890ABCDE}"
EndProject
Project("{FAE04EC0-301F-11D3-BF4B-00C04F79EFBC}") = "WebScraper.Core.Tests", "tests\WebScraper.Core.Tests\WebScraper.Core.Tests.csproj", "{B2C3D4E5-F6A7-8901-BCDE-F23456789012}"
EndProject
Global
	GlobalSection(SolutionConfigurationPlatforms) = preSolution
		Debug|Any CPU = Debug|Any CPU
		Release|Any CPU = Release|Any CPU
	EndGlobalSection
	GlobalSection(ProjectConfigurationPlatforms) = postSolution
		{C0C0C0C0-C0C0-C0C0-C0C0-C0C0C0C0C0C0}.Debug|Any CPU.ActiveCfg = Debug|Any CPU
		{C0C0C0C0-C0C0-C0C0-C0C0-C0C0C0C0C0C0}.Debug|Any CPU.Build.0 = Debug|Any CPU
		{C0C0C0C0-C0C0-C0C0-C0C0-C0C0C0C0C0C0}.Release|Any CPU.ActiveCfg = Release|Any CPU
		{C0C0C0C0-C0C0-C0C0-C0C0-C0C0C0C0C0C0}.Release|Any CPU.Build.0 = Release|Any CPU
		{A1B2C3D4-E5F6-7890-ABCD-EF1234567890}.Debug|Any CPU.ActiveCfg = Debug|Any CPU
		{A1B2C3D4-E5F6-7890-ABCD-EF1234567890}.Debug|Any CPU.Build.0 = Debug|Any CPU
		{A1B2C3D4-E5F6-7890-ABCD-EF1234567890}.Release|Any CPU.ActiveCfg = Release|Any CPU
		{A1B2C3D4-E5F6-7890-ABCD-EF1234567890}.Release|Any CPU.Build.0 = Release|Any CPU
		{D1E2F3A4-B5C6-7890-DEF1-234567890ABC}.Debug|Any CPU.ActiveCfg = Debug|Any CPU
		{D1E2F3A4-B5C6-7890-DEF1-234567890ABC}.Debug|Any CPU.Build.0 = Debug|Any CPU
		{D1E2F3A4-B5C6-7890-DEF1-234567890ABC}.Release|Any CPU.ActiveCfg = Release|Any CPU
		{D1E2F3A4-B5C6-7890-DEF1-234567890ABC}.Release|Any CPU.Build.0 = Release|Any CPU
		{E2F3A4B5-C6D7-8901-EF23-4567890ABCDE}.Debug|Any CPU.ActiveCfg = Debug|Any CPU
		{E2F3A4B5-C6D7-8901-EF23-4567890ABCDE}.Debug|Any CPU.Build.0 = Debug|Any CPU
		{E2F3A4B5-C6D7-8901-EF23-4567890ABCDE}.Release|Any CPU.ActiveCfg = Release|Any CPU
		{E2F3A4B5-C6D7-8901-EF23-4567890ABCDE}.Release|Any CPU.Build.0 = Release|Any CPU
		{B2C3D4E5-F6A7-8901-BCDE-F23456789012}.Debug|Any CPU.ActiveCfg = Debug|Any CPU
		{B2C3D4E5-F6A7-8901-BCDE-F23456789012}.Debug|Any CPU.Build.0 = Debug|Any CPU
		{B2C3D4E5-F6A7-8901-BCDE-F23456789012}.Release|Any CPU.ActiveCfg = Release|Any CPU
		{B2C3D4E5-F6A7-8901-BCDE-F23456789012}.Release|Any CPU.Build.0 = Release|Any CPU
	EndGlobalSection
	GlobalSection(NestedProjects) = preSolution
		{C0C0C0C0-C0C0-C0C0-C0C0-C0C0C0C0C0C0} = {11111111-1111-1111-1111-111111111111}
		{A1B2C3D4-E5F6-7890-ABCD-EF1234567890} = {11111111-1111-1111-1111-111111111111}
		{D1E2F3A4-B5C6-7890-DEF1-234567890ABC} = {11111111-1111-1111-1111-111111111111}
		{E2F3A4B5-C6D7-8901-EF23-4567890ABCDE} = {11111111-1111-1111-1111-111111111111}
		{B2C3D4E5-F6A7-8901-BCDE-F23456789012} = {22222222-2222-2222-2222-222222222222}
	EndGlobalSection
EndGlobal
